PODS:
  - Alamofire (4.9.1)
  - Countly (22.06.2):
    - Countly/Core (= 22.06.2)
  - Countly/Core (22.06.2)
  - CryptoSwift (1.3.0)
  - GradientCircularProgress (3.13.0)
  - KYDrawerController (2.1.0)
  - Locksmith (4.0.0)
  - SwiftyJSON (5.0.1)

DEPENDENCIES:
  - Alamofire (= 4.9.1)
  - Countly
  - CryptoSwift (= 1.3.0)
  - GradientCircularProgress (from `https://github.com/keygx/GradientCircularProgress`)
  - KYDrawerController
  - Locksmith
  - SwiftyJSON

SPEC REPOS:
  trunk:
    - Alamofire
    - Countly
    - CryptoSwift
    - KYDrawerController
    - Locksmith
    - SwiftyJSON

EXTERNAL SOURCES:
  GradientCircularProgress:
    :git: https://github.com/keygx/GradientCircularProgress

CHECKOUT OPTIONS:
  GradientCircularProgress:
    :commit: 9e2dc60d335ee6eb3677bfd9f965f0ade3607f4c
    :git: https://github.com/keygx/GradientCircularProgress

SPEC CHECKSUMS:
  Alamofire: 85e8a02c69d6020a0d734f6054870d7ecb75cf18
  Countly: df0b151b1c5e69bd37257779262af0347a47e929
  CryptoSwift: 1283821600233bdbeb96d7b389c3288c3bf77211
  GradientCircularProgress: f5a04b862adc1fbafbd21c0ff450ed7d74d1926e
  KYDrawerController: baad0e63b09c0cb564bd48f0f7f70f45d9176ebc
  Locksmith: e9bebbaaa4cee3c511bc358a44f843c3fe00e21f
  SwiftyJSON: 2f33a42c6fbc52764d96f13368585094bfd8aa5e

PODFILE CHECKSUM: fe7b286018a272e36bc1610820fec8e80271c5a2

COCOAPODS: 1.11.3
